Microsoft Visual Studio Solution File, Format Version 12.00
# Visual Studio Version 17
VisualStudioVersion = 17.2.32210.308
MinimumVisualStudioVersion = 15.0.26124.0
Project("{2150E333-8FDC-42A3-9474-1A3956D46DE8}") = "Solution Items", "Solution Items", "{BADA71DC-7FFD-4EDC-9F28-FB74AEADC713}"
	ProjectSection(SolutionItems) = preProject
		.editorconfig = .editorconfig
		.gitignore = .gitignore
		.vsconfig = .vsconfig
		Directory.Build.props = Directory.Build.props
		Directory.Build.targets = Directory.Build.targets
		Directory.Packages.props = Directory.Packages.props
		global.json = global.json
	EndProjectSection
EndProject
Project("{9A19103F-16F7-4668-BE54-9A1E7A4F7556}") = "P42.Utils", "P42.Utils\P42.Utils.csproj", "{1029E931-09E3-4CFD-9D69-916BF39A8318}"
EndProject
Project("{9A19103F-16F7-4668-BE54-9A1E7A4F7556}") = "P42.Utils.Uno", "P42.Utils.Uno\P42.Utils.Uno.csproj", "{E4839E53-6BBD-4771-8ED0-D0E96FF496C8}"
EndProject
Project("{FAE04EC0-301F-11D3-BF4B-00C04F79EFBC}") = "P42.Utils.Demo", "P42.Utils.Demo\P42.Utils.Demo.csproj", "{67671882-5BB0-25FC-EF99-F1B62987DEE4}"
EndProject
Project("{FAE04EC0-301F-11D3-BF4B-00C04F79EFBC}") = "P42.UnoTestRunner", "P42.UnoTestRunner\P42.UnoTestRunner.csproj", "{1D6D0948-8DDA-D8CC-54C5-AD95D58FB123}"
EndProject
Project("{FAE04EC0-301F-11D3-BF4B-00C04F79EFBC}") = "P42.Utils.AppTest", "P42.Utils.AppTest\P42.Utils.AppTest.csproj", "{6F9A8E16-EE16-94F8-26D4-95D31435F7E0}"
EndProject
Global
	GlobalSection(SolutionConfigurationPlatforms) = preSolution
		Debug|Any CPU = Debug|Any CPU
		Debug|ARM64 = Debug|ARM64
		Debug|X64 = Debug|X64
		Debug|X86 = Debug|X86
		Release|Any CPU = Release|Any CPU
		Release|ARM64 = Release|ARM64
		Release|X64 = Release|X64
		Release|X86 = Release|X86
	EndGlobalSection
	GlobalSection(ProjectConfigurationPlatforms) = postSolution
		{1029E931-09E3-4CFD-9D69-916BF39A8318}.Debug|Any CPU.ActiveCfg = Debug|Any CPU
		{1029E931-09E3-4CFD-9D69-916BF39A8318}.Debug|Any CPU.Build.0 = Debug|Any CPU
		{1029E931-09E3-4CFD-9D69-916BF39A8318}.Debug|ARM64.ActiveCfg = Debug|ARM64
		{1029E931-09E3-4CFD-9D69-916BF39A8318}.Debug|ARM64.Build.0 = Debug|ARM64
		{1029E931-09E3-4CFD-9D69-916BF39A8318}.Debug|X64.ActiveCfg = Debug|X64
		{1029E931-09E3-4CFD-9D69-916BF39A8318}.Debug|X64.Build.0 = Debug|X64
		{1029E931-09E3-4CFD-9D69-916BF39A8318}.Debug|X86.ActiveCfg = Debug|X86
		{1029E931-09E3-4CFD-9D69-916BF39A8318}.Debug|X86.Build.0 = Debug|X86
		{1029E931-09E3-4CFD-9D69-916BF39A8318}.Release|Any CPU.ActiveCfg = Release|Any CPU
		{1029E931-09E3-4CFD-9D69-916BF39A8318}.Release|Any CPU.Build.0 = Release|Any CPU
		{1029E931-09E3-4CFD-9D69-916BF39A8318}.Release|ARM64.ActiveCfg = Release|ARM64
		{1029E931-09E3-4CFD-9D69-916BF39A8318}.Release|ARM64.Build.0 = Release|ARM64
		{1029E931-09E3-4CFD-9D69-916BF39A8318}.Release|X64.ActiveCfg = Release|X64
		{1029E931-09E3-4CFD-9D69-916BF39A8318}.Release|X64.Build.0 = Release|X64
		{1029E931-09E3-4CFD-9D69-916BF39A8318}.Release|X86.ActiveCfg = Release|X86
		{1029E931-09E3-4CFD-9D69-916BF39A8318}.Release|X86.Build.0 = Release|X86
		{E4839E53-6BBD-4771-8ED0-D0E96FF496C8}.Debug|Any CPU.ActiveCfg = Debug|Any CPU
		{E4839E53-6BBD-4771-8ED0-D0E96FF496C8}.Debug|Any CPU.Build.0 = Debug|Any CPU
		{E4839E53-6BBD-4771-8ED0-D0E96FF496C8}.Debug|ARM64.ActiveCfg = Debug|ARM64
		{E4839E53-6BBD-4771-8ED0-D0E96FF496C8}.Debug|ARM64.Build.0 = Debug|ARM64
		{E4839E53-6BBD-4771-8ED0-D0E96FF496C8}.Debug|X64.ActiveCfg = Debug|X64
		{E4839E53-6BBD-4771-8ED0-D0E96FF496C8}.Debug|X64.Build.0 = Debug|X64
		{E4839E53-6BBD-4771-8ED0-D0E96FF496C8}.Debug|X86.ActiveCfg = Debug|X86
		{E4839E53-6BBD-4771-8ED0-D0E96FF496C8}.Debug|X86.Build.0 = Debug|X86
		{E4839E53-6BBD-4771-8ED0-D0E96FF496C8}.Release|Any CPU.ActiveCfg = Release|Any CPU
		{E4839E53-6BBD-4771-8ED0-D0E96FF496C8}.Release|Any CPU.Build.0 = Release|Any CPU
		{E4839E53-6BBD-4771-8ED0-D0E96FF496C8}.Release|ARM64.ActiveCfg = Release|ARM64
		{E4839E53-6BBD-4771-8ED0-D0E96FF496C8}.Release|ARM64.Build.0 = Release|ARM64
		{E4839E53-6BBD-4771-8ED0-D0E96FF496C8}.Release|X64.ActiveCfg = Release|X64
		{E4839E53-6BBD-4771-8ED0-D0E96FF496C8}.Release|X64.Build.0 = Release|X64
		{E4839E53-6BBD-4771-8ED0-D0E96FF496C8}.Release|X86.ActiveCfg = Release|X86
		{E4839E53-6BBD-4771-8ED0-D0E96FF496C8}.Release|X86.Build.0 = Release|X86
		{67671882-5BB0-25FC-EF99-F1B62987DEE4}.Debug|Any CPU.ActiveCfg = Debug|Any CPU
		{67671882-5BB0-25FC-EF99-F1B62987DEE4}.Debug|Any CPU.Build.0 = Debug|Any CPU
		{67671882-5BB0-25FC-EF99-F1B62987DEE4}.Debug|Any CPU.Deploy.0 = Debug|Any CPU
		{67671882-5BB0-25FC-EF99-F1B62987DEE4}.Debug|ARM64.ActiveCfg = Debug|ARM64
		{67671882-5BB0-25FC-EF99-F1B62987DEE4}.Debug|ARM64.Build.0 = Debug|ARM64
		{67671882-5BB0-25FC-EF99-F1B62987DEE4}.Debug|ARM64.Deploy.0 = Debug|ARM64
		{67671882-5BB0-25FC-EF99-F1B62987DEE4}.Debug|X64.ActiveCfg = Debug|x64
		{67671882-5BB0-25FC-EF99-F1B62987DEE4}.Debug|X64.Build.0 = Debug|x64
		{67671882-5BB0-25FC-EF99-F1B62987DEE4}.Debug|X64.Deploy.0 = Debug|x64
		{67671882-5BB0-25FC-EF99-F1B62987DEE4}.Debug|X86.ActiveCfg = Debug|x86
		{67671882-5BB0-25FC-EF99-F1B62987DEE4}.Debug|X86.Build.0 = Debug|x86
		{67671882-5BB0-25FC-EF99-F1B62987DEE4}.Debug|X86.Deploy.0 = Debug|x86
		{67671882-5BB0-25FC-EF99-F1B62987DEE4}.Release|Any CPU.ActiveCfg = Release|Any CPU
		{67671882-5BB0-25FC-EF99-F1B62987DEE4}.Release|Any CPU.Build.0 = Release|Any CPU
		{67671882-5BB0-25FC-EF99-F1B62987DEE4}.Release|ARM64.ActiveCfg = Release|ARM64
		{67671882-5BB0-25FC-EF99-F1B62987DEE4}.Release|ARM64.Build.0 = Release|ARM64
		{67671882-5BB0-25FC-EF99-F1B62987DEE4}.Release|ARM64.Deploy.0 = Release|ARM64
		{67671882-5BB0-25FC-EF99-F1B62987DEE4}.Release|X64.ActiveCfg = Release|x64
		{67671882-5BB0-25FC-EF99-F1B62987DEE4}.Release|X64.Build.0 = Release|x64
		{67671882-5BB0-25FC-EF99-F1B62987DEE4}.Release|X64.Deploy.0 = Release|x64
		{67671882-5BB0-25FC-EF99-F1B62987DEE4}.Release|X86.ActiveCfg = Release|x86
		{67671882-5BB0-25FC-EF99-F1B62987DEE4}.Release|X86.Build.0 = Release|x86
		{67671882-5BB0-25FC-EF99-F1B62987DEE4}.Release|X86.Deploy.0 = Release|x86
		{1D6D0948-8DDA-D8CC-54C5-AD95D58FB123}.Debug|Any CPU.ActiveCfg = Debug|Any CPU
		{1D6D0948-8DDA-D8CC-54C5-AD95D58FB123}.Debug|Any CPU.Build.0 = Debug|Any CPU
		{1D6D0948-8DDA-D8CC-54C5-AD95D58FB123}.Debug|ARM64.ActiveCfg = Debug|ARM64
		{1D6D0948-8DDA-D8CC-54C5-AD95D58FB123}.Debug|ARM64.Build.0 = Debug|ARM64
		{1D6D0948-8DDA-D8CC-54C5-AD95D58FB123}.Debug|X64.ActiveCfg = Debug|x64
		{1D6D0948-8DDA-D8CC-54C5-AD95D58FB123}.Debug|X64.Build.0 = Debug|x64
		{1D6D0948-8DDA-D8CC-54C5-AD95D58FB123}.Debug|X86.ActiveCfg = Debug|x86
		{1D6D0948-8DDA-D8CC-54C5-AD95D58FB123}.Debug|X86.Build.0 = Debug|x86
		{1D6D0948-8DDA-D8CC-54C5-AD95D58FB123}.Release|Any CPU.ActiveCfg = Release|Any CPU
		{1D6D0948-8DDA-D8CC-54C5-AD95D58FB123}.Release|Any CPU.Build.0 = Release|Any CPU
		{1D6D0948-8DDA-D8CC-54C5-AD95D58FB123}.Release|ARM64.ActiveCfg = Release|ARM64
		{1D6D0948-8DDA-D8CC-54C5-AD95D58FB123}.Release|ARM64.Build.0 = Release|ARM64
		{1D6D0948-8DDA-D8CC-54C5-AD95D58FB123}.Release|X64.ActiveCfg = Release|x64
		{1D6D0948-8DDA-D8CC-54C5-AD95D58FB123}.Release|X64.Build.0 = Release|x64
		{1D6D0948-8DDA-D8CC-54C5-AD95D58FB123}.Release|X86.ActiveCfg = Release|x86
		{1D6D0948-8DDA-D8CC-54C5-AD95D58FB123}.Release|X86.Build.0 = Release|x86
		{6F9A8E16-EE16-94F8-26D4-95D31435F7E0}.Debug|Any CPU.ActiveCfg = Debug|Any CPU
		{6F9A8E16-EE16-94F8-26D4-95D31435F7E0}.Debug|Any CPU.Build.0 = Debug|Any CPU
		{6F9A8E16-EE16-94F8-26D4-95D31435F7E0}.Debug|ARM64.ActiveCfg = Debug|Any CPU
		{6F9A8E16-EE16-94F8-26D4-95D31435F7E0}.Debug|ARM64.Build.0 = Debug|Any CPU
		{6F9A8E16-EE16-94F8-26D4-95D31435F7E0}.Debug|ARM64.Deploy.0 = Debug|Any CPU
		{6F9A8E16-EE16-94F8-26D4-95D31435F7E0}.Debug|X64.ActiveCfg = Debug|Any CPU
		{6F9A8E16-EE16-94F8-26D4-95D31435F7E0}.Debug|X64.Build.0 = Debug|Any CPU
		{6F9A8E16-EE16-94F8-26D4-95D31435F7E0}.Debug|X86.ActiveCfg = Debug|Any CPU
		{6F9A8E16-EE16-94F8-26D4-95D31435F7E0}.Debug|X86.Build.0 = Debug|Any CPU
		{6F9A8E16-EE16-94F8-26D4-95D31435F7E0}.Release|Any CPU.ActiveCfg = Release|Any CPU
		{6F9A8E16-EE16-94F8-26D4-95D31435F7E0}.Release|Any CPU.Build.0 = Release|Any CPU
		{6F9A8E16-EE16-94F8-26D4-95D31435F7E0}.Release|ARM64.ActiveCfg = Release|Any CPU
		{6F9A8E16-EE16-94F8-26D4-95D31435F7E0}.Release|ARM64.Build.0 = Release|Any CPU
		{6F9A8E16-EE16-94F8-26D4-95D31435F7E0}.Release|ARM64.Deploy.0 = Release|Any CPU
		{6F9A8E16-EE16-94F8-26D4-95D31435F7E0}.Release|X64.ActiveCfg = Release|Any CPU
		{6F9A8E16-EE16-94F8-26D4-95D31435F7E0}.Release|X64.Build.0 = Release|Any CPU
		{6F9A8E16-EE16-94F8-26D4-95D31435F7E0}.Release|X86.ActiveCfg = Release|Any CPU
		{6F9A8E16-EE16-94F8-26D4-95D31435F7E0}.Release|X86.Build.0 = Release|Any CPU
	EndGlobalSection
	GlobalSection(SolutionProperties) = preSolution
		HideSolutionNode = FALSE
	EndGlobalSection
	GlobalSection(ExtensibilityGlobals) = postSolution
		SolutionGuid = {CF0282CC-D5E0-4D15-9CB3-48FCAA42BF56}
	EndGlobalSection
EndGlobal
