Microsoft Visual Studio Solution File, Format Version 12.00
# Visual Studio 15
VisualStudioVersion = 15.0.27130.2024
MinimumVisualStudioVersion = 10.0.40219.1
Project("{FAE04EC0-301F-11D3-BF4B-00C04F79EFBC}") = "P42.Utils.PCL", "P42.Utils.PCL\P42.Utils.PCL.csproj", "{CAD932A9-5E8D-415C-8DC2-CE8E553FA6D3}"
EndProject
Project("{FAE04EC0-301F-11D3-BF4B-00C04F79EFBC}") = "P42.Utils.Droid", "P42.Utils.Droid\P42.Utils.Droid.csproj", "{2EFB5A37-DF19-4897-B6A6-914E55047BDF}"
EndProject
Project("{FAE04EC0-301F-11D3-BF4B-00C04F79EFBC}") = "P42.Utils.iOS", "P42.Utils.iOS\P42.Utils.iOS.csproj", "{E0310C06-794F-4B67-90B9-E1A5C4E84E87}"
EndProject
Project("{9A19103F-16F7-4668-BE54-9A1E7A4F7556}") = "P42.Utils.NetStandard", "P42.Utils.NetStandard\P42.Utils.NetStandard.csproj", "{AA7CA62C-F379-46E0-82B4-F33855F4CB8A}"
EndProject
Global
	GlobalSection(SolutionConfigurationPlatforms) = preSolution
		Debug|Any CPU = Debug|Any CPU
		Release|Any CPU = Release|Any CPU
	EndGlobalSection
	GlobalSection(ProjectConfigurationPlatforms) = postSolution
		{CAD932A9-5E8D-415C-8DC2-CE8E553FA6D3}.Debug|Any CPU.ActiveCfg = Debug|Any CPU
		{CAD932A9-5E8D-415C-8DC2-CE8E553FA6D3}.Debug|Any CPU.Build.0 = Debug|Any CPU
		{CAD932A9-5E8D-415C-8DC2-CE8E553FA6D3}.Release|Any CPU.ActiveCfg = Release|Any CPU
		{CAD932A9-5E8D-415C-8DC2-CE8E553FA6D3}.Release|Any CPU.Build.0 = Release|Any CPU
		{2EFB5A37-DF19-4897-B6A6-914E55047BDF}.Debug|Any CPU.ActiveCfg = Debug|Any CPU
		{2EFB5A37-DF19-4897-B6A6-914E55047BDF}.Debug|Any CPU.Build.0 = Debug|Any CPU
		{2EFB5A37-DF19-4897-B6A6-914E55047BDF}.Release|Any CPU.ActiveCfg = Release|Any CPU
		{2EFB5A37-DF19-4897-B6A6-914E55047BDF}.Release|Any CPU.Build.0 = Release|Any CPU
		{E0310C06-794F-4B67-90B9-E1A5C4E84E87}.Debug|Any CPU.ActiveCfg = Debug|Any CPU
		{E0310C06-794F-4B67-90B9-E1A5C4E84E87}.Debug|Any CPU.Build.0 = Debug|Any CPU
		{E0310C06-794F-4B67-90B9-E1A5C4E84E87}.Release|Any CPU.ActiveCfg = Release|Any CPU
		{E0310C06-794F-4B67-90B9-E1A5C4E84E87}.Release|Any CPU.Build.0 = Release|Any CPU
		{AA7CA62C-F379-46E0-82B4-F33855F4CB8A}.Debug|Any CPU.ActiveCfg = Debug|Any CPU
		{AA7CA62C-F379-46E0-82B4-F33855F4CB8A}.Debug|Any CPU.Build.0 = Debug|Any CPU
		{AA7CA62C-F379-46E0-82B4-F33855F4CB8A}.Release|Any CPU.ActiveCfg = Release|Any CPU
		{AA7CA62C-F379-46E0-82B4-F33855F4CB8A}.Release|Any CPU.Build.0 = Release|Any CPU
	EndGlobalSection
	GlobalSection(SolutionProperties) = preSolution
		HideSolutionNode = FALSE
	EndGlobalSection
	GlobalSection(ExtensibilityGlobals) = postSolution
		SolutionGuid = {A6CAA322-0619-4CDA-AE20-C1462FB585EA}
	EndGlobalSection
EndGlobal
