
Microsoft Visual Studio Solution File, Format Version 12.00
# Visual Studio Version 16
VisualStudioVersion = 25.0.1700.5
MinimumVisualStudioVersion = 10.0.40219.1
Project("{FAE04EC0-301F-11D3-BF4B-00C04F79EFBC}") = "P42.Utils", "P42.Utils.csproj", "{2E52C233-DA5D-4AB3-A840-6FCA2BA514FB}"
EndProject
Global
	GlobalSection(SolutionConfigurationPlatforms) = preSolution
		Debug|Any CPU = Debug|Any CPU
		Release|Any CPU = Release|Any CPU
	EndGlobalSection
	GlobalSection(ProjectConfigurationPlatforms) = postSolution
		{2E52C233-DA5D-4AB3-A840-6FCA2BA514FB}.Debug|Any CPU.ActiveCfg = Debug|Any CPU
		{2E52C233-DA5D-4AB3-A840-6FCA2BA514FB}.Debug|Any CPU.Build.0 = Debug|Any CPU
		{2E52C233-DA5D-4AB3-A840-6FCA2BA514FB}.Release|Any CPU.ActiveCfg = Release|Any CPU
		{2E52C233-DA5D-4AB3-A840-6FCA2BA514FB}.Release|Any CPU.Build.0 = Release|Any CPU
	EndGlobalSection
	GlobalSection(SolutionProperties) = preSolution
		HideSolutionNode = FALSE
	EndGlobalSection
	GlobalSection(ExtensibilityGlobals) = postSolution
		SolutionGuid = {29FBF088-88D2-4156-85C2-33056762BCA5}
	EndGlobalSection
EndGlobal
